
Microsoft Visual Studio Solution File, Format Version 12.00
# Visual Studio 15
VisualStudioVersion = 15.0.28307.1062
MinimumVisualStudioVersion = 10.0.40219.1
Project("{F184B08F-C81C-45F6-A57F-5ABD9991F28F}") = "almacen", "almacen\almacen.vbproj", "{347CF29A-D430-4BDD-B059-B417D9AE003A}"
EndProject
Global
	GlobalSection(SolutionConfigurationPlatforms) = preSolution
		Debug|Any CPU = Debug|Any CPU
		Release|Any CPU = Release|Any CPU
	EndGlobalSection
	GlobalSection(ProjectConfigurationPlatforms) = postSolution
		{347CF29A-D430-4BDD-B059-B417D9AE003A}.Debug|Any CPU.ActiveCfg = Debug|Any CPU
		{347CF29A-D430-4BDD-B059-B417D9AE003A}.Debug|Any CPU.Build.0 = Debug|Any CPU
		{347CF29A-D430-4BDD-B059-B417D9AE003A}.Release|Any CPU.ActiveCfg = Release|Any CPU
		{347CF29A-D430-4BDD-B059-B417D9AE003A}.Release|Any CPU.Build.0 = Release|Any CPU
	EndGlobalSection
	GlobalSection(SolutionProperties) = preSolution
		HideSolutionNode = FALSE
	EndGlobalSection
	GlobalSection(ExtensibilityGlobals) = postSolution
		SolutionGuid = {DF64C8B5-11B1-4EA5-9034-CF7EA2027C64}
	EndGlobalSection
EndGlobal
